
Microsoft Visual Studio Solution File, Format Version 12.00
# Visual Studio Version 17
VisualStudioVersion = 17.3.32811.315
MinimumVisualStudioVersion = 10.0.40219.1
Project("{FAE04EC0-301F-11D3-BF4B-00C04F79EFBC}") = "Uppgift5_3_", "Uppgift5_3_\Uppgift5_3_.csproj", "{C8F7BC1C-DF9A-4AA6-B463-E60DDF534E82}"
EndProject
Global
	GlobalSection(SolutionConfigurationPlatforms) = preSolution
		Debug|Any CPU = Debug|Any CPU
		Release|Any CPU = Release|Any CPU
	EndGlobalSection
	GlobalSection(ProjectConfigurationPlatforms) = postSolution
		{C8F7BC1C-DF9A-4AA6-B463-E60DDF534E82}.Debug|Any CPU.ActiveCfg = Debug|Any CPU
		{C8F7BC1C-DF9A-4AA6-B463-E60DDF534E82}.Debug|Any CPU.Build.0 = Debug|Any CPU
		{C8F7BC1C-DF9A-4AA6-B463-E60DDF534E82}.Release|Any CPU.ActiveCfg = Release|Any CPU
		{C8F7BC1C-DF9A-4AA6-B463-E60DDF534E82}.Release|Any CPU.Build.0 = Release|Any CPU
	EndGlobalSection
	GlobalSection(SolutionProperties) = preSolution
		HideSolutionNode = FALSE
	EndGlobalSection
	GlobalSection(ExtensibilityGlobals) = postSolution
		SolutionGuid = {F792F86E-9B47-4455-9A98-10ECB9AB05FE}
	EndGlobalSection
EndGlobal
